
Microsoft Visual Studio Solution File, Format Version 12.00
# Visual Studio Version 16
VisualStudioVersion = 16.0.31005.135
MinimumVisualStudioVersion = 10.0.40219.1
Project("{8BC9CEB8-8B4A-11D0-8D11-00A0C91BC942}") = "SolarOmen", "SolarOmen\SolarOmen.vcxproj", "{2678C380-0B4B-425C-A9E2-CB0ED4DF70EC}"
EndProject
Project("{8BC9CEB8-8B4A-11D0-8D11-00A0C91BC942}") = "ContentPacker", "ContentPacker\ContentPacker.vcxproj", "{6EB7D504-C001-41A7-A577-48C8B947A689}"
EndProject
Project("{8BC9CEB8-8B4A-11D0-8D11-00A0C91BC942}") = "Engine", "Engine\Engine.vcxproj", "{2D596273-80D9-4D43-AA70-7BD944CCA428}"
EndProject
Project("{8BC9CEB8-8B4A-11D0-8D11-00A0C91BC942}") = "Editor", "Editor\Editor.vcxproj", "{D2881AD8-25A1-4662-9905-617FC7874B48}"
EndProject
Project("{8BC9CEB8-8B4A-11D0-8D11-00A0C91BC942}") = "TankGame", "TankGame\TankGame.vcxproj", "{CC901347-4801-46FF-8C1E-199D21542BB5}"
EndProject
Global
	GlobalSection(SolutionConfigurationPlatforms) = preSolution
		Debug|x64 = Debug|x64
		Debug|x86 = Debug|x86
		Release|x64 = Release|x64
		Release|x86 = Release|x86
	EndGlobalSection
	GlobalSection(ProjectConfigurationPlatforms) = postSolution
		{2678C380-0B4B-425C-A9E2-CB0ED4DF70EC}.Debug|x64.ActiveCfg = Debug|x64
		{2678C380-0B4B-425C-A9E2-CB0ED4DF70EC}.Debug|x64.Build.0 = Debug|x64
		{2678C380-0B4B-425C-A9E2-CB0ED4DF70EC}.Debug|x86.ActiveCfg = Debug|x64
		{2678C380-0B4B-425C-A9E2-CB0ED4DF70EC}.Release|x64.ActiveCfg = Release|x64
		{2678C380-0B4B-425C-A9E2-CB0ED4DF70EC}.Release|x64.Build.0 = Release|x64
		{2678C380-0B4B-425C-A9E2-CB0ED4DF70EC}.Release|x86.ActiveCfg = Release|x64
		{6EB7D504-C001-41A7-A577-48C8B947A689}.Debug|x64.ActiveCfg = Debug|x64
		{6EB7D504-C001-41A7-A577-48C8B947A689}.Debug|x64.Build.0 = Debug|x64
		{6EB7D504-C001-41A7-A577-48C8B947A689}.Debug|x86.ActiveCfg = Debug|x64
		{6EB7D504-C001-41A7-A577-48C8B947A689}.Release|x64.ActiveCfg = Release|x64
		{6EB7D504-C001-41A7-A577-48C8B947A689}.Release|x64.Build.0 = Release|x64
		{6EB7D504-C001-41A7-A577-48C8B947A689}.Release|x86.ActiveCfg = Release|x64
		{2D596273-80D9-4D43-AA70-7BD944CCA428}.Debug|x64.ActiveCfg = Debug|x64
		{2D596273-80D9-4D43-AA70-7BD944CCA428}.Debug|x64.Build.0 = Debug|x64
		{2D596273-80D9-4D43-AA70-7BD944CCA428}.Debug|x86.ActiveCfg = Debug|x64
		{2D596273-80D9-4D43-AA70-7BD944CCA428}.Release|x64.ActiveCfg = Release|x64
		{2D596273-80D9-4D43-AA70-7BD944CCA428}.Release|x64.Build.0 = Release|x64
		{2D596273-80D9-4D43-AA70-7BD944CCA428}.Release|x86.ActiveCfg = Release|x64
		{D2881AD8-25A1-4662-9905-617FC7874B48}.Debug|x64.ActiveCfg = Debug|x64
		{D2881AD8-25A1-4662-9905-617FC7874B48}.Debug|x64.Build.0 = Debug|x64
		{D2881AD8-25A1-4662-9905-617FC7874B48}.Debug|x86.ActiveCfg = Debug|Win32
		{D2881AD8-25A1-4662-9905-617FC7874B48}.Debug|x86.Build.0 = Debug|Win32
		{D2881AD8-25A1-4662-9905-617FC7874B48}.Release|x64.ActiveCfg = Release|x64
		{D2881AD8-25A1-4662-9905-617FC7874B48}.Release|x64.Build.0 = Release|x64
		{D2881AD8-25A1-4662-9905-617FC7874B48}.Release|x86.ActiveCfg = Release|Win32
		{D2881AD8-25A1-4662-9905-617FC7874B48}.Release|x86.Build.0 = Release|Win32
		{CC901347-4801-46FF-8C1E-199D21542BB5}.Debug|x64.ActiveCfg = Debug|x64
		{CC901347-4801-46FF-8C1E-199D21542BB5}.Debug|x64.Build.0 = Debug|x64
		{CC901347-4801-46FF-8C1E-199D21542BB5}.Debug|x86.ActiveCfg = Debug|Win32
		{CC901347-4801-46FF-8C1E-199D21542BB5}.Debug|x86.Build.0 = Debug|Win32
		{CC901347-4801-46FF-8C1E-199D21542BB5}.Release|x64.ActiveCfg = Release|x64
		{CC901347-4801-46FF-8C1E-199D21542BB5}.Release|x64.Build.0 = Release|x64
		{CC901347-4801-46FF-8C1E-199D21542BB5}.Release|x86.ActiveCfg = Release|Win32
		{CC901347-4801-46FF-8C1E-199D21542BB5}.Release|x86.Build.0 = Release|Win32
	EndGlobalSection
	GlobalSection(SolutionProperties) = preSolution
		HideSolutionNode = FALSE
	EndGlobalSection
	GlobalSection(ExtensibilityGlobals) = postSolution
		SolutionGuid = {BB48CDB1-3D1B-416E-9EFC-9C86A286FE32}
	EndGlobalSection
EndGlobal
