<?xml version="1.0" encoding="utf-8"?>
<Project ToolsVersion="4.0" xmlns="http://schemas.microsoft.com/developer/msbuild/2003">
  <ItemGroup>
    <Filter Include="Source Files">
      <UniqueIdentifier>{4FC737F1-C7A5-4376-A066-2A32D752A2FF}</UniqueIdentifier>
      <Extensions>cpp;c;cc;cxx;c++;cppm;ixx;def;odl;idl;hpj;bat;asm;asmx</Extensions>
    </Filter>
    <Filter Include="Header Files">
      <UniqueIdentifier>{93995380-89BD-4b04-88EB-625FBE52EBFB}</UniqueIdentifier>
      <Extensions>h;hh;hpp;hxx;h++;hm;inl;inc;ipp;xsd</Extensions>
    </Filter>
    <Filter Include="Resource Files">
      <UniqueIdentifier>{67DA6AB6-F800-4c08-8B7A-83BB121AAD01}</UniqueIdentifier>
      <Extensions>rc;ico;cur;bmp;dlg;rc2;rct;bin;rgs;gif;jpg;jpeg;jpe;resx;tiff;tif;png;wav;mfcribbon-ms</Extensions>
    </Filter>
  </ItemGroup>
  <ItemGroup>
    <ClCompile Include="vendor\imgui\imgui.cpp">
      <Filter>Source Files</Filter>
    </ClCompile>
    <ClCompile Include="vendor\imgui\imgui_demo.cpp">
      <Filter>Source Files</Filter>
    </ClCompile>
    <ClCompile Include="vendor\imgui\imgui_draw.cpp">
      <Filter>Source Files</Filter>
    </ClCompile>
    <ClCompile Include="vendor\imgui\imgui_impl_dx11.cpp">
      <Filter>Source Files</Filter>
    </ClCompile>
    <ClCompile Include="vendor\imgui\imgui_impl_win32.cpp">
      <Filter>Source Files</Filter>
    </ClCompile>
    <ClCompile Include="vendor\imgui\imgui_widgets.cpp">
      <Filter>Source Files</Filter>
    </ClCompile>
    <ClCompile Include="vendor\imgui\ImGuizmo.cpp">
      <Filter>Source Files</Filter>
    </ClCompile>
    <ClCompile Include="platform\win32\Clock.cpp">
      <Filter>Source Files</Filter>
    </ClCompile>
    <ClCompile Include="platform\win32\Threading.cpp">
      <Filter>Source Files</Filter>
    </ClCompile>
    <ClCompile Include="platform\win32\RetainLock.cpp">
      <Filter>Source Files</Filter>
    </ClCompile>
    <ClCompile Include="platform\win32\BlockingQueue.cpp">
      <Filter>Source Files</Filter>
    </ClCompile>
    <ClCompile Include="platform\win32\Network.cpp">
      <Filter>Source Files</Filter>
    </ClCompile>
    <ClCompile Include="vendor\imgui_node\imnodes.cpp">
      <Filter>Source Files</Filter>
    </ClCompile>
    <ClCompile Include="platform\win32\Win32Network.cpp">
      <Filter>Source Files</Filter>
    </ClCompile>
    <ClCompile Include="platform\win32\Win32Socket.cpp">
      <Filter>Source Files</Filter>
    </ClCompile>
    <ClCompile Include="platform\win32\Win32Window.cpp">
      <Filter>Source Files</Filter>
    </ClCompile>
    <ClCompile Include="Main.cpp">
      <Filter>Source Files</Filter>
    </ClCompile>
    <ClCompile Include="core\SolarRenderer.cpp">
      <Filter>Source Files</Filter>
    </ClCompile>
    <ClCompile Include="game\components\SolarCamera.cpp">
      <Filter>Source Files</Filter>
    </ClCompile>
    <ClCompile Include="renderer\dx11\DX11Renderer.cpp">
      <Filter>Source Files</Filter>
    </ClCompile>
    <ClCompile Include="core\SolarAssets.cpp">
      <Filter>Source Files</Filter>
    </ClCompile>
    <ClCompile Include="core\SolarDebug.cpp">
      <Filter>Source Files</Filter>
    </ClCompile>
    <ClCompile Include="renderer\dx11\DX11Commands.cpp">
      <Filter>Source Files</Filter>
    </ClCompile>
    <ClCompile Include="renderer\dx11\DX11StaticMesh.cpp">
      <Filter>Source Files</Filter>
    </ClCompile>
    <ClCompile Include="renderer\dx11\DX11Shader.cpp">
      <Filter>Source Files</Filter>
    </ClCompile>
    <ClCompile Include="game\GameEditor.cpp">
      <Filter>Source Files</Filter>
    </ClCompile>
    <ClCompile Include="game\TankGame.cpp">
      <Filter>Source Files</Filter>
    </ClCompile>
    <ClCompile Include="renderer\dx11\DX11Texture.cpp">
      <Filter>Source Files</Filter>
    </ClCompile>
    <ClCompile Include="game\SolarEntity.cpp">
      <Filter>Source Files</Filter>
    </ClCompile>
    <ClCompile Include="ManifoldTests.cpp">
      <Filter>Source Files</Filter>
    </ClCompile>
    <ClCompile Include="SimpleColliders.cpp">
      <Filter>Source Files</Filter>
    </ClCompile>
    <ClCompile Include="platform\win32\Win32Audio.cpp">
      <Filter>Source Files</Filter>
    </ClCompile>
    <ClCompile Include="game\Multiplayer.cpp">
      <Filter>Source Files</Filter>
    </ClCompile>
    <ClCompile Include="serialization\RawFontImporter.cpp">
      <Filter>Source Files</Filter>
    </ClCompile>
    <ClCompile Include="serialization\RawRoomImporter.cpp">
      <Filter>Source Files</Filter>
    </ClCompile>
    <ClCompile Include="renderer\dx11\DX11Techniques.cpp">
      <Filter>Source Files</Filter>
    </ClCompile>
  </ItemGroup>
  <ItemGroup>
    <ClInclude Include="core\SolarMath.h">
      <Filter>Header Files</Filter>
    </ClInclude>
    <ClInclude Include="core\SolarPlatform.h">
      <Filter>Header Files</Filter>
    </ClInclude>
    <ClInclude Include="vendor\imgui\imconfig.h">
      <Filter>Header Files</Filter>
    </ClInclude>
    <ClInclude Include="vendor\imgui\imgui.h">
      <Filter>Header Files</Filter>
    </ClInclude>
    <ClInclude Include="vendor\imgui\imgui_impl_dx11.h">
      <Filter>Header Files</Filter>
    </ClInclude>
    <ClInclude Include="vendor\imgui\imgui_impl_win32.h">
      <Filter>Header Files</Filter>
    </ClInclude>
    <ClInclude Include="vendor\imgui\imgui_internal.h">
      <Filter>Header Files</Filter>
    </ClInclude>
    <ClInclude Include="vendor\imgui\ImGuizmo.h">
      <Filter>Header Files</Filter>
    </ClInclude>
    <ClInclude Include="vendor\imgui\imstb_rectpack.h">
      <Filter>Header Files</Filter>
    </ClInclude>
    <ClInclude Include="vendor\imgui\imstb_textedit.h">
      <Filter>Header Files</Filter>
    </ClInclude>
    <ClInclude Include="vendor\imgui\imstb_truetype.h">
      <Filter>Header Files</Filter>
    </ClInclude>
    <ClInclude Include="vendor\std_image\std_image.h">
      <Filter>Header Files</Filter>
    </ClInclude>
    <ClInclude Include="core\SolarString.h">
      <Filter>Header Files</Filter>
    </ClInclude>
    <ClInclude Include="core\Defines.h">
      <Filter>Header Files</Filter>
    </ClInclude>
    <ClInclude Include="core\SolarMemory.h">
      <Filter>Header Files</Filter>
    </ClInclude>
    <ClInclude Include="core\SolarInput.h">
      <Filter>Header Files</Filter>
    </ClInclude>
    <ClInclude Include="platform\win32\Clock.h">
      <Filter>Header Files</Filter>
    </ClInclude>
    <ClInclude Include="platform\win32\Threading.h">
      <Filter>Header Files</Filter>
    </ClInclude>
    <ClInclude Include="platform\win32\RetainLock.h">
      <Filter>Header Files</Filter>
    </ClInclude>
    <ClInclude Include="platform\win32\BlockingQueue.h">
      <Filter>Header Files</Filter>
    </ClInclude>
    <ClInclude Include="core\SolarCore.h">
      <Filter>Header Files</Filter>
    </ClInclude>
    <ClInclude Include="vendor\imgui_node\imnodes.h">
      <Filter>Header Files</Filter>
    </ClInclude>
    <ClInclude Include="vendor\imgui_node\imnodes_internal.h">
      <Filter>Header Files</Filter>
    </ClInclude>
    <ClInclude Include="platform\win32\Win32Socket.h">
      <Filter>Header Files</Filter>
    </ClInclude>
    <ClInclude Include="platform\win32\Win32Window.h">
      <Filter>Header Files</Filter>
    </ClInclude>
    <ClInclude Include="core\SolarRenderer.h">
      <Filter>Header Files</Filter>
    </ClInclude>
    <ClInclude Include="game\components\SolarCamera.h">
      <Filter>Header Files</Filter>
    </ClInclude>
    <ClInclude Include="renderer\dx11\DX11Header.h">
      <Filter>Header Files</Filter>
    </ClInclude>
    <ClInclude Include="core\SolarAssets.h">
      <Filter>Header Files</Filter>
    </ClInclude>
    <ClInclude Include="core\SolarDebug.h">
      <Filter>Header Files</Filter>
    </ClInclude>
    <ClInclude Include="renderer\dx11\DX11Commands.h">
      <Filter>Header Files</Filter>
    </ClInclude>
    <ClInclude Include="renderer\dx11\DX11StaticMesh.h">
      <Filter>Header Files</Filter>
    </ClInclude>
    <ClInclude Include="renderer\dx11\DX11Shader.h">
      <Filter>Header Files</Filter>
    </ClInclude>
    <ClInclude Include="renderer\dx11\DX11Renderer.h">
      <Filter>Header Files</Filter>
    </ClInclude>
    <ClInclude Include="renderer\dx11\DX11Topology.h">
      <Filter>Header Files</Filter>
    </ClInclude>
    <ClInclude Include="core\SolarGame.h">
      <Filter>Header Files</Filter>
    </ClInclude>
    <ClInclude Include="core\SolarEditor.h">
      <Filter>Header Files</Filter>
    </ClInclude>
    <ClInclude Include="game\GameEditor.h">
      <Filter>Header Files</Filter>
    </ClInclude>
    <ClInclude Include="game\TankGame.h">
      <Filter>Header Files</Filter>
    </ClInclude>
    <ClInclude Include="renderer\dx11\DX11Texture.h">
      <Filter>Header Files</Filter>
    </ClInclude>
    <ClInclude Include="core\SolarEntity.h">
      <Filter>Header Files</Filter>
    </ClInclude>
    <ClInclude Include="ManifoldTests.h">
      <Filter>Header Files</Filter>
    </ClInclude>
    <ClInclude Include="SimpleColliders.h">
      <Filter>Header Files</Filter>
    </ClInclude>
    <ClInclude Include="core\SolarAudio.h">
      <Filter>Header Files</Filter>
    </ClInclude>
    <ClInclude Include="core\Stract.h">
      <Filter>Header Files</Filter>
    </ClInclude>
    <ClInclude Include="game\Multiplayer.h">
      <Filter>Header Files</Filter>
    </ClInclude>
    <ClInclude Include="serialization\RawFontImporter.h">
      <Filter>Header Files</Filter>
    </ClInclude>
    <ClInclude Include="serialization\RawRoomImporter.h">
      <Filter>Header Files</Filter>
    </ClInclude>
    <ClInclude Include="serialization\RawAudioImporter.h">
      <Filter>Header Files</Filter>
    </ClInclude>
    <ClInclude Include="renderer\dx11\DX11Techniques.h">
      <Filter>Header Files</Filter>
    </ClInclude>
    <ClInclude Include="core\SolarIntrospection.h">
      <Filter>Header Files</Filter>
    </ClInclude>
    <ClInclude Include="core\SolarContainers.h">
      <Filter>Header Files</Filter>
    </ClInclude>
    <ClInclude Include="core\SolarTypes.h">
      <Filter>Header Files</Filter>
    </ClInclude>
  </ItemGroup>
  <ItemGroup>
    <FxCompile Include="shaders\unlit.vert.hlsl" />
    <FxCompile Include="shaders\unlit.pixl.hlsl" />
    <FxCompile Include="shaders\debug_line.vert.hlsl" />
    <FxCompile Include="shaders\debug_line.pixl.hlsl" />
    <FxCompile Include="shaders\basic_pbr.pixl.hlsl" />
    <FxCompile Include="shaders\basic_pbr.vert.hlsl" />
    <FxCompile Include="shaders\skybox.vert.hlsl" />
    <FxCompile Include="shaders\skybox.pixl.hlsl" />
    <FxCompile Include="shaders\post_processing.pixl.hlsl" />
    <FxCompile Include="shaders\post_processing.vert.hlsl" />
    <FxCompile Include="shaders\depth_point_lights.vert.hlsl" />
    <FxCompile Include="shaders\depth_point_lights.pixl.hlsl" />
    <FxCompile Include="shaders\phong.vert.hlsl" />
    <FxCompile Include="shaders\phong.pixl.hlsl" />
    <FxCompile Include="shaders\gaussian_blur_horizontal.comp.hlsl" />
    <FxCompile Include="shaders\gaussian_blur_vertical.comp.hlsl" />
    <FxCompile Include="shaders\test_sphere_gen.comp.hlsl" />
    <FxCompile Include="shaders\gbuffer.vert.hlsl" />
    <FxCompile Include="shaders\gbuffer.pixl.hlsl" />
    <FxCompile Include="shaders\defferd_phong.vert.hlsl" />
    <FxCompile Include="shaders\defferd_phong.pixl.hlsl" />
    <FxCompile Include="shaders\shadow_ray.comp.hlsl" />
    <FxCompile Include="shaders\bloomFilter.pixl.hlsl" />
    <FxCompile Include="shaders\bloomFilter.vert.hlsl" />
    <FxCompile Include="shaders\particle.vert.hlsl" />
    <FxCompile Include="shaders\particle.pixl.hlsl" />
    <FxCompile Include="shaders\equirectangular_to_cubemap.vert.hlsl" />
    <FxCompile Include="shaders\equirectangular_to_cubemap.pixl.hlsl" />
    <FxCompile Include="shaders\irradiance_convolution.pixl.hlsl" />
    <FxCompile Include="shaders\irradiance_convolution.vert.hlsl" />
    <FxCompile Include="shaders\depth_only.pixl.hlsl" />
    <FxCompile Include="shaders\depth_only.vert.hlsl" />
    <FxCompile Include="shaders\depth_reduction.comp.hlsl" />
    <FxCompile Include="shaders\depth_reduction_down.comp.hlsl" />
    <FxCompile Include="shaders\text.vert.hlsl" />
    <FxCompile Include="shaders\text.pixl.hlsl" />
    <FxCompile Include="shaders\ui_quad.vert.hlsl" />
    <FxCompile Include="shaders\ui_quad.pixl.hlsl" />
    <FxCompile Include="shaders\phongKenney.vert.hlsl" />
    <FxCompile Include="shaders\phongKenney.pixl.hlsl" />
  </ItemGroup>
  <ItemGroup>
    <None Include="vendor\imgui\LICENSE" />
    <None Include="shaders\PixelShaderHeader.hlsli" />
    <None Include="shaders\MatrixUtilHeader.hlsli" />
    <None Include="shaders\VertexShaderHeader.hlsli" />
  </ItemGroup>
  <ItemGroup>
    <Text Include="todo.txt" />
  </ItemGroup>
</Project>